PODS:
  - Alamofire (5.4.4)
  - KeychainAccess (4.2.2)
  - OpenVPNAdapter (0.8.0):
    - OpenVPNAdapter/ASIO (= 0.8.0)
    - OpenVPNAdapter/LZ4 (= 0.8.0)
    - OpenVPNAdapter/mbedTLS (= 0.8.0)
    - OpenVPNAdapter/OpenVPN3 (= 0.8.0)
    - OpenVPNAdapter/OpenVPNAdapter (= 0.8.0)
    - OpenVPNAdapter/OpenVPNClient (= 0.8.0)
  - OpenVPNAdapter/ASIO (0.8.0)
  - OpenVPNAdapter/LZ4 (0.8.0)
  - OpenVPNAdapter/mbedTLS (0.8.0)
  - OpenVPNAdapter/OpenVPN3 (0.8.0)
  - OpenVPNAdapter/OpenVPNAdapter (0.8.0)
  - OpenVPNAdapter/OpenVPNClient (0.8.0)
  - Sparkle (1.27.0)
  - SwiftyBeaver (1.9.5)

DEPENDENCIES:
  - Alamofire
  - KeychainAccess
  - OpenVPNAdapter (from `https://github.com/betafish-inc/OpenVPNAdapter`)
  - Sparkle
  - SwiftyBeaver

SPEC REPOS:
  trunk:
    - Alamofire
    - KeychainAccess
    - Sparkle
    - SwiftyBeaver

EXTERNAL SOURCES:
  OpenVPNAdapter:
    :git: https://github.com/betafish-inc/OpenVPNAdapter

CHECKOUT OPTIONS:
  OpenVPNAdapter:
    :commit: 4e0db53fc16446e88ba03e4191ff3112720363d1
    :git: https://github.com/betafish-inc/OpenVPNAdapter

SPEC CHECKSUMS:
  Alamofire: f3b09a368f1582ab751b3fff5460276e0d2cf5c9
  KeychainAccess: c0c4f7f38f6fc7bbe58f5702e25f7bd2f65abf51
  OpenVPNAdapter: 1d945f4528073ff641d4ed90d98e28f2b1c86d05
  Sparkle: e1245ce5ba951c60183444a13a2c7d227778205d
  SwiftyBeaver: 84069991dd5dca07d7069100985badaca7f0ce82

PODFILE CHECKSUM: c667c3182d35df9c893bcea8744940154b48c085

COCOAPODS: 1.9.3
